
Microsoft Visual Studio Solution File, Format Version 12.00
# Visual Studio 15
VisualStudioVersion = 15.0.27004.2009
MinimumVisualStudioVersion = 10.0.40219.1
Project("{2150E333-8FDC-42A3-9474-1A3956D46DE8}") = "src", "src", "{02089872-D6A6-4F03-B4FB-F7C6B4B34820}"
EndProject
Project("{2150E333-8FDC-42A3-9474-1A3956D46DE8}") = "Solution Items", "Solution Items", "{E8449E96-1557-4A0B-90E1-F9AD73684692}"
EndProject
Project("{2150E333-8FDC-42A3-9474-1A3956D46DE8}") = "test", "test", "{9A32EEC1-172C-4FE4-98B6-430A64B8C863}"
EndProject
Project("{9A19103F-16F7-4668-BE54-9A1E7A4F7556}") = "GrapeKun", "src\GrapeKun\GrapeKun.csproj", "{496DD5A9-5DB5-4C07-B7C3-4CDE69DD98E3}"
EndProject
Project("{9A19103F-16F7-4668-BE54-9A1E7A4F7556}") = "test", "test\test.csproj", "{9BB47345-7541-4DC6-92F8-F17CD14C98CB}"
EndProject
Global
	GlobalSection(SolutionConfigurationPlatforms) = preSolution
		Debug|Any CPU = Debug|Any CPU
		Release|Any CPU = Release|Any CPU
	EndGlobalSection
	GlobalSection(ProjectConfigurationPlatforms) = postSolution
		{496DD5A9-5DB5-4C07-B7C3-4CDE69DD98E3}.Debug|Any CPU.ActiveCfg = Debug|Any CPU
		{496DD5A9-5DB5-4C07-B7C3-4CDE69DD98E3}.Debug|Any CPU.Build.0 = Debug|Any CPU
		{496DD5A9-5DB5-4C07-B7C3-4CDE69DD98E3}.Release|Any CPU.ActiveCfg = Release|Any CPU
		{496DD5A9-5DB5-4C07-B7C3-4CDE69DD98E3}.Release|Any CPU.Build.0 = Release|Any CPU
		{9BB47345-7541-4DC6-92F8-F17CD14C98CB}.Debug|Any CPU.ActiveCfg = Debug|Any CPU
		{9BB47345-7541-4DC6-92F8-F17CD14C98CB}.Debug|Any CPU.Build.0 = Debug|Any CPU
		{9BB47345-7541-4DC6-92F8-F17CD14C98CB}.Release|Any CPU.ActiveCfg = Release|Any CPU
		{9BB47345-7541-4DC6-92F8-F17CD14C98CB}.Release|Any CPU.Build.0 = Release|Any CPU
	EndGlobalSection
	GlobalSection(SolutionProperties) = preSolution
		HideSolutionNode = FALSE
	EndGlobalSection
	GlobalSection(NestedProjects) = preSolution
		{496DD5A9-5DB5-4C07-B7C3-4CDE69DD98E3} = {02089872-D6A6-4F03-B4FB-F7C6B4B34820}
		{9BB47345-7541-4DC6-92F8-F17CD14C98CB} = {9A32EEC1-172C-4FE4-98B6-430A64B8C863}
	EndGlobalSection
	GlobalSection(ExtensibilityGlobals) = postSolution
		SolutionGuid = {50E145C8-5DAE-4D69-909D-F407C26B02F3}
	EndGlobalSection
EndGlobal
