
Microsoft Visual Studio Solution File, Format Version 12.00
# Visual Studio 14
VisualStudioVersion = 14.0.25420.1
MinimumVisualStudioVersion = 10.0.40219.1
Project("{2150E333-8FDC-42A3-9474-1A3956D46DE8}") = "src", "src", "{02089872-D6A6-4F03-B4FB-F7C6B4B34820}"
EndProject
Project("{2150E333-8FDC-42A3-9474-1A3956D46DE8}") = "Solution Items", "Solution Items", "{E8449E96-1557-4A0B-90E1-F9AD73684692}"
	ProjectSection(SolutionItems) = preProject
		global.json = global.json
	EndProjectSection
EndProject
Project("{8BB2217D-0F2D-49D1-97BC-3654ED321F3B}") = "GrapeKun", "src\GrapeKun\GrapeKun.xproj", "{496DD5A9-5DB5-4C07-B7C3-4CDE69DD98E3}"
EndProject
Project("{2150E333-8FDC-42A3-9474-1A3956D46DE8}") = "test", "test", "{9A32EEC1-172C-4FE4-98B6-430A64B8C863}"
EndProject
Global
	GlobalSection(SolutionConfigurationPlatforms) = preSolution
		Debug|Any CPU = Debug|Any CPU
		Release|Any CPU = Release|Any CPU
	EndGlobalSection
	GlobalSection(ProjectConfigurationPlatforms) = postSolution
		{496DD5A9-5DB5-4C07-B7C3-4CDE69DD98E3}.Debug|Any CPU.ActiveCfg = Debug|Any CPU
		{496DD5A9-5DB5-4C07-B7C3-4CDE69DD98E3}.Debug|Any CPU.Build.0 = Debug|Any CPU
		{496DD5A9-5DB5-4C07-B7C3-4CDE69DD98E3}.Release|Any CPU.ActiveCfg = Release|Any CPU
		{496DD5A9-5DB5-4C07-B7C3-4CDE69DD98E3}.Release|Any CPU.Build.0 = Release|Any CPU
	EndGlobalSection
	GlobalSection(SolutionProperties) = preSolution
		HideSolutionNode = FALSE
	EndGlobalSection
	GlobalSection(NestedProjects) = preSolution
		{496DD5A9-5DB5-4C07-B7C3-4CDE69DD98E3} = {02089872-D6A6-4F03-B4FB-F7C6B4B34820}
	EndGlobalSection
EndGlobal
